lockfileVersion: '9.0'

settings:
  autoInstallPeers: true
  excludeLinksFromLockfile: false

importers:

  .:
    devDependencies:
      turbo:
        specifier: ^2
        version: 2.8.10

  packages/ts/tracing:
    dependencies:
      '@opentelemetry/api':
        specifier: ^1.9.0
        version: 1.9.0
      '@opentelemetry/exporter-trace-otlp-proto':
        specifier: ^0.211.0
        version: 0.211.0(@opentelemetry/api@1.9.0)
      '@opentelemetry/sdk-trace-base':
        specifier: ^2.2.0
        version: 2.5.1(@opentelemetry/api@1.9.0)
      '@opentelemetry/sdk-trace-node':
        specifier: ^2.5.0
        version: 2.5.1(@opentelemetry/api@1.9.0)
      uuid:
        specifier: ^13.0.0
        version: 13.0.0
    devDependencies:
      '@trivago/prettier-plugin-sort-imports':
        specifier: ^5.2.2
        version: 5.2.2(prettier@3.8.1)
      '@types/node':
        specifier: ^22.18.8
        version: 22.19.11
      prettier:
        specifier: ^3.6.2
        version: 3.8.1
      prettier-plugin-tailwindcss:
        specifier: ^0.6.14
        version: 0.6.14(@trivago/prettier-plugin-sort-imports@5.2.2(prettier@3.8.1))(prettier@3.8.1)
      typescript:
        specifier: ^5.9.3
        version: 5.9.3

packages:

  '@babel/code-frame@7.29.0':
    resolution: {integrity: sha512-9NhCeYjq9+3uxgdtp20LSiJXJvN0FeCtNGpJxuMFZ1Kv3cWUNb6DOhJwUvcVCzKGR66cw4njwM6hrJLqgOwbcw==}
    engines: {node: '>=6.9.0'}

  '@babel/generator@7.29.1':
    resolution: {integrity: sha512-qsaF+9Qcm2Qv8SRIMMscAvG4O3lJ0F1GuMo5HR/Bp02LopNgnZBC/EkbevHFeGs4ls/oPz9v+Bsmzbkbe+0dUw==}
    engines: {node: '>=6.9.0'}

  '@babel/helper-globals@7.28.0':
    resolution: {integrity: sha512-+W6cISkXFa1jXsDEdYA8HeevQT/FULhxzR99pxphltZcVaugps53THCeiWA8SguxxpSp3gKPiuYfSWopkLQ4hw==}
    engines: {node: '>=6.9.0'}

  '@babel/helper-string-parser@7.27.1':
    resolution: {integrity: sha512-qMlSxKbpRlAridDExk92nSobyDdpPijUq2DW6oDnUqd0iOGxmQjyqhMIihI9+zv4LPyZdRje2cavWPbCbWm3eA==}
    engines: {node: '>=6.9.0'}

  '@babel/helper-validator-identifier@7.28.5':
    resolution: {integrity: sha512-qSs4ifwzKJSV39ucNjsvc6WVHs6b7S03sOh2OcHF9UHfVPqWWALUsNUVzhSBiItjRZoLHx7nIarVjqKVusUZ1Q==}
    engines: {node: '>=6.9.0'}

  '@babel/parser@7.29.0':
    resolution: {integrity: sha512-IyDgFV5GeDUVX4YdF/3CPULtVGSXXMLh1xVIgdCgxApktqnQV0r7/8Nqthg+8YLGaAtdyIlo2qIdZrbCv4+7ww==}
    engines: {node: '>=6.0.0'}
    hasBin: true

  '@babel/template@7.28.6':
    resolution: {integrity: sha512-YA6Ma2KsCdGb+WC6UpBVFJGXL58MDA6oyONbjyF/+5sBgxY/dwkhLogbMT2GXXyU84/IhRw/2D1Os1B/giz+BQ==}
    engines: {node: '>=6.9.0'}

  '@babel/traverse@7.29.0':
    resolution: {integrity: sha512-4HPiQr0X7+waHfyXPZpWPfWL/J7dcN1mx9gL6WdQVMbPnF3+ZhSMs8tCxN7oHddJE9fhNE7+lxdnlyemKfJRuA==}
    engines: {node: '>=6.9.0'}

  '@babel/types@7.29.0':
    resolution: {integrity: sha512-LwdZHpScM4Qz8Xw2iKSzS+cfglZzJGvofQICy7W7v4caru4EaAmyUuO6BGrbyQ2mYV11W0U8j5mBhd14dd3B0A==}
    engines: {node: '>=6.9.0'}

  '@jridgewell/gen-mapping@0.3.13':
    resolution: {integrity: sha512-2kkt/7niJ6MgEPxF0bYdQ6etZaA+fQvDcLKckhy1yIQOzaoKjBBjSj63/aLVjYE3qhRt5dvM+uUyfCg6UKCBbA==}

  '@jridgewell/resolve-uri@3.1.2':
    resolution: {integrity: sha512-bRISgCIjP20/tbWSPWMEi54QVPRZExkuD9lJL+UIxUKtwVJA8wW1Trb1jMs1RFXo1CBTNZ/5hpC9QvmKWdopKw==}
    engines: {node: '>=6.0.0'}

  '@jridgewell/sourcemap-codec@1.5.5':
    resolution: {integrity: sha512-cYQ9310grqxueWbl+WuIUIaiUaDcj7WOq5fVhEljNVgRfOUhY9fy2zTvfoqWsnebh8Sl70VScFbICvJnLKB0Og==}

  '@jridgewell/trace-mapping@0.3.31':
    resolution: {integrity: sha512-zzNR+SdQSDJzc8joaeP8QQoCQr8NuYx2dIIytl1QeBEZHJ9uW6hebsrYgbz8hJwUQao3TWCMtmfV8Nu1twOLAw==}

  '@opentelemetry/api-logs@0.211.0':
    resolution: {integrity: sha512-swFdZq8MCdmdR22jTVGQDhwqDzcI4M10nhjXkLr1EsIzXgZBqm4ZlmmcWsg3TSNf+3mzgOiqveXmBLZuDi2Lgg==}
    engines: {node: '>=8.0.0'}

  '@opentelemetry/api@1.9.0':
    resolution: {integrity: sha512-3giAOQvZiH5F9bMlMiv8+GSPMeqg0dbaeo58/0SlA9sxSqZhnUtxzX9/2FzyhS9sWQf5S0GJE0AKBrFqjpeYcg==}
    engines: {node: '>=8.0.0'}

  '@opentelemetry/context-async-hooks@2.5.1':
    resolution: {integrity: sha512-MHbu8XxCHcBn6RwvCt2Vpn1WnLMNECfNKYB14LI5XypcgH4IE0/DiVifVR9tAkwPMyLXN8dOoPJfya3IryLQVw==}
    engines: {node: ^18.19.0 || >=20.6.0}
    peerDependencies:
      '@opentelemetry/api': '>=1.0.0 <1.10.0'

  '@opentelemetry/core@2.5.0':
    resolution: {integrity: sha512-ka4H8OM6+DlUhSAZpONu0cPBtPPTQKxbxVzC4CzVx5+K4JnroJVBtDzLAMx4/3CDTJXRvVFhpFjtl4SaiTNoyQ==}
    engines: {node: ^18.19.0 || >=20.6.0}
    peerDependencies:
      '@opentelemetry/api': '>=1.0.0 <1.10.0'

  '@opentelemetry/core@2.5.1':
    resolution: {integrity: sha512-Dwlc+3HAZqpgTYq0MUyZABjFkcrKTePwuiFVLjahGD8cx3enqihmpAmdgNFO1R4m/sIe5afjJrA25Prqy4NXlA==}
    engines: {node: ^18.19.0 || >=20.6.0}
    peerDependencies:
      '@opentelemetry/api': '>=1.0.0 <1.10.0'

  '@opentelemetry/exporter-trace-otlp-proto@0.211.0':
    resolution: {integrity: sha512-DkjXwbPiqpcPlycUojzG2RmR0/SIK8Gi9qWO9znNvSqgzrnAIE9x2n6yPfpZ+kWHZGafvsvA1lVXucTyyQa5Kg==}
    engines: {node: ^18.19.0 || >=20.6.0}
    peerDependencies:
      '@opentelemetry/api': ^1.3.0

  '@opentelemetry/otlp-exporter-base@0.211.0':
    resolution: {integrity: sha512-bp1+63V8WPV+bRI9EQG6E9YID1LIHYSZVbp7f+44g9tRzCq+rtw/o4fpL5PC31adcUsFiz/oN0MdLISSrZDdrg==}
    engines: {node: ^18.19.0 || >=20.6.0}
    peerDependencies:
      '@opentelemetry/api': ^1.3.0

  '@opentelemetry/otlp-transformer@0.211.0':
    resolution: {integrity: sha512-julhCJ9dXwkOg9svuuYqqjXLhVaUgyUvO2hWbTxwjvLXX2rG3VtAaB0SzxMnGTuoCZizBT7Xqqm2V7+ggrfCXA==}
    engines: {node: ^18.19.0 || >=20.6.0}
    peerDependencies:
      '@opentelemetry/api': ^1.3.0

  '@opentelemetry/resources@2.5.0':
    resolution: {integrity: sha512-F8W52ApePshpoSrfsSk1H2yJn9aKjCrbpQF1M9Qii0GHzbfVeFUB+rc3X4aggyZD8x9Gu3Slua+s6krmq6Dt8g==}
    engines: {node: ^18.19.0 || >=20.6.0}
    peerDependencies:
      '@opentelemetry/api': '>=1.3.0 <1.10.0'

  '@opentelemetry/resources@2.5.1':
    resolution: {integrity: sha512-BViBCdE/GuXRlp9k7nS1w6wJvY5fnFX5XvuEtWsTAOQFIO89Eru7lGW3WbfbxtCuZ/GbrJfAziXG0w0dpxL7eQ==}
    engines: {node: ^18.19.0 || >=20.6.0}
    peerDependencies:
      '@opentelemetry/api': '>=1.3.0 <1.10.0'

  '@opentelemetry/sdk-logs@0.211.0':
    resolution: {integrity: sha512-O5nPwzgg2JHzo59kpQTPUOTzFi0Nv5LxryG27QoXBciX3zWM3z83g+SNOHhiQVYRWFSxoWn1JM2TGD5iNjOwdA==}
    engines: {node: ^18.19.0 || >=20.6.0}
    peerDependencies:
      '@opentelemetry/api': '>=1.4.0 <1.10.0'

  '@opentelemetry/sdk-metrics@2.5.0':
    resolution: {integrity: sha512-BeJLtU+f5Gf905cJX9vXFQorAr6TAfK3SPvTFqP+scfIpDQEJfRaGJWta7sJgP+m4dNtBf9y3yvBKVAZZtJQVA==}
    engines: {node: ^18.19.0 || >=20.6.0}
    peerDependencies:
      '@opentelemetry/api': '>=1.9.0 <1.10.0'

  '@opentelemetry/sdk-trace-base@2.5.0':
    resolution: {integrity: sha512-VzRf8LzotASEyNDUxTdaJ9IRJ1/h692WyArDBInf5puLCjxbICD6XkHgpuudis56EndyS7LYFmtTMny6UABNdQ==}
    engines: {node: ^18.19.0 || >=20.6.0}
    peerDependencies:
      '@opentelemetry/api': '>=1.3.0 <1.10.0'

  '@opentelemetry/sdk-trace-base@2.5.1':
    resolution: {integrity: sha512-iZH3Gw8cxQn0gjpOjJMmKLd9GIaNh/E3v3ST67vyzLSxHBs14HsG4dy7jMYyC5WXGdBVEcM7U/XTF5hCQxjDMw==}
    engines: {node: ^18.19.0 || >=20.6.0}
    peerDependencies:
      '@opentelemetry/api': '>=1.3.0 <1.10.0'

  '@opentelemetry/sdk-trace-node@2.5.1':
    resolution: {integrity: sha512-9lopQ6ZoElETOEN0csgmtEV5/9C7BMfA7VtF4Jape3i954b6sTY2k3Xw3CxUTKreDck/vpAuJM+EDo4zheUw+A==}
    engines: {node: ^18.19.0 || >=20.6.0}
    peerDependencies:
      '@opentelemetry/api': '>=1.0.0 <1.10.0'

  '@opentelemetry/semantic-conventions@1.39.0':
    resolution: {integrity: sha512-R5R9tb2AXs2IRLNKLBJDynhkfmx7mX0vi8NkhZb3gUkPWHn6HXk5J8iQ/dql0U3ApfWym4kXXmBDRGO+oeOfjg==}
    engines: {node: '>=14'}

  '@protobufjs/aspromise@1.1.2':
    resolution: {integrity: sha512-j+gKExEuLmKwvz3OgROXtrJ2UG2x8Ch2YZUxahh+s1F2HZ+wAceUNLkvy6zKCPVRkU++ZWQrdxsUeQXmcg4uoQ==}

  '@protobufjs/base64@1.1.2':
    resolution: {integrity: sha512-AZkcAA5vnN/v4PDqKyMR5lx7hZttPDgClv83E//FMNhR2TMcLUhfRUBHCmSl0oi9zMgDDqRUJkSxO3wm85+XLg==}

  '@protobufjs/codegen@2.0.4':
    resolution: {integrity: sha512-YyFaikqM5sH0ziFZCN3xDC7zeGaB/d0IUb9CATugHWbd1FRFwWwt4ld4OYMPWu5a3Xe01mGAULCdqhMlPl29Jg==}

  '@protobufjs/eventemitter@1.1.0':
    resolution: {integrity: sha512-j9ednRT81vYJ9OfVuXG6ERSTdEL1xVsNgqpkxMsbIabzSo3goCjDIveeGv5d03om39ML71RdmrGNjG5SReBP/Q==}

  '@protobufjs/fetch@1.1.0':
    resolution: {integrity: sha512-lljVXpqXebpsijW71PZaCYeIcE5on1w5DlQy5WH6GLbFryLUrBD4932W/E2BSpfRJWseIL4v/KPgBFxDOIdKpQ==}

  '@protobufjs/float@1.0.2':
    resolution: {integrity: sha512-Ddb+kVXlXst9d+R9PfTIxh1EdNkgoRe5tOX6t01f1lYWOvJnSPDBlG241QLzcyPdoNTsblLUdujGSE4RzrTZGQ==}

  '@protobufjs/inquire@1.1.0':
    resolution: {integrity: sha512-kdSefcPdruJiFMVSbn801t4vFK7KB/5gd2fYvrxhuJYg8ILrmn9SKSX2tZdV6V+ksulWqS7aXjBcRXl3wHoD9Q==}

  '@protobufjs/path@1.1.2':
    resolution: {integrity: sha512-6JOcJ5Tm08dOHAbdR3GrvP+yUUfkjG5ePsHYczMFLq3ZmMkAD98cDgcT2iA1lJ9NVwFd4tH/iSSoe44YWkltEA==}

  '@protobufjs/pool@1.1.0':
    resolution: {integrity: sha512-0kELaGSIDBKvcgS4zkjz1PeddatrjYcmMWOlAuAPwAeccUrPHdUqo/J6LiymHHEiJT5NrF1UVwxY14f+fy4WQw==}

  '@protobufjs/utf8@1.1.0':
    resolution: {integrity: sha512-Vvn3zZrhQZkkBE8LSuW3em98c0FwgO4nxzv6OdSxPKJIEKY2bGbHn+mhGIPerzI4twdxaP8/0+06HBpwf345Lw==}

  '@trivago/prettier-plugin-sort-imports@5.2.2':
    resolution: {integrity: sha512-fYDQA9e6yTNmA13TLVSA+WMQRc5Bn/c0EUBditUHNfMMxN7M82c38b1kEggVE3pLpZ0FwkwJkUEKMiOi52JXFA==}
    engines: {node: '>18.12'}
    peerDependencies:
      '@vue/compiler-sfc': 3.x
      prettier: 2.x - 3.x
      prettier-plugin-svelte: 3.x
      svelte: 4.x || 5.x
    peerDependenciesMeta:
      '@vue/compiler-sfc':
        optional: true
      prettier-plugin-svelte:
        optional: true
      svelte:
        optional: true

  '@types/node@22.19.11':
    resolution: {integrity: sha512-BH7YwL6rA93ReqeQS1c4bsPpcfOmJasG+Fkr6Y59q83f9M1WcBRHR2vM+P9eOisYRcN3ujQoiZY8uk5W+1WL8w==}

  debug@4.4.3:
    resolution: {integrity: sha512-RGwwWnwQvkVfavKVt22FGLw+xYSdzARwm0ru6DhTVA3umU5hZc28V3kO4stgYryrTlLpuvgI9GiijltAjNbcqA==}
    engines: {node: '>=6.0'}
    peerDependencies:
      supports-color: '*'
    peerDependenciesMeta:
      supports-color:
        optional: true

  javascript-natural-sort@0.7.1:
    resolution: {integrity: sha512-nO6jcEfZWQXDhOiBtG2KvKyEptz7RVbpGP4vTD2hLBdmNQSsCiicO2Ioinv6UI4y9ukqnBpy+XZ9H6uLNgJTlw==}

  js-tokens@4.0.0:
    resolution: {integrity: sha512-RdJUflcE3cUzKiMqQgsCu06FPu9UdIJO0beYbPhHN4k6apgJtifcoCtT9bcxOpYBtpD2kCM6Sbzg4CausW/PKQ==}

  jsesc@3.1.0:
    resolution: {integrity: sha512-/sM3dO2FOzXjKQhJuo0Q173wf2KOo8t4I8vHy6lF9poUp7bKT0/NHE8fPX23PwfhnykfqnC2xRxOnVw5XuGIaA==}
    engines: {node: '>=6'}
    hasBin: true

  lodash@4.17.23:
    resolution: {integrity: sha512-LgVTMpQtIopCi79SJeDiP0TfWi5CNEc/L/aRdTh3yIvmZXTnheWpKjSZhnvMl8iXbC1tFg9gdHHDMLoV7CnG+w==}

  long@5.3.2:
    resolution: {integrity: sha512-mNAgZ1GmyNhD7AuqnTG3/VQ26o760+ZYBPKjPvugO8+nLbYfX6TVpJPseBvopbdY+qpZ/lKUnmEc1LeZYS3QAA==}

  ms@2.1.3:
    resolution: {integrity: sha512-6FlzubTLZG3J2a/NVCAleEhjzq5oxgHyaCU9yYXvcLsvoVaHJq/s5xXI6/XXP6tz7R9xAOtHnSO/tXtF3WRTlA==}

  picocolors@1.1.1:
    resolution: {integrity: sha512-xceH2snhtb5M9liqDsmEw56le376mTZkEX/jEb/RxNFyegNul7eNslCXP9FDj/Lcu0X8KEyMceP2ntpaHrDEVA==}

  prettier-plugin-tailwindcss@0.6.14:
    resolution: {integrity: sha512-pi2e/+ZygeIqntN+vC573BcW5Cve8zUB0SSAGxqpB4f96boZF4M3phPVoOFCeypwkpRYdi7+jQ5YJJUwrkGUAg==}
    engines: {node: '>=14.21.3'}
    peerDependencies:
      '@ianvs/prettier-plugin-sort-imports': '*'
      '@prettier/plugin-hermes': '*'
      '@prettier/plugin-oxc': '*'
      '@prettier/plugin-pug': '*'
      '@shopify/prettier-plugin-liquid': '*'
      '@trivago/prettier-plugin-sort-imports': '*'
      '@zackad/prettier-plugin-twig': '*'
      prettier: ^3.0
      prettier-plugin-astro: '*'
      prettier-plugin-css-order: '*'
      prettier-plugin-import-sort: '*'
      prettier-plugin-jsdoc: '*'
      prettier-plugin-marko: '*'
      prettier-plugin-multiline-arrays: '*'
      prettier-plugin-organize-attributes: '*'
      prettier-plugin-organize-imports: '*'
      prettier-plugin-sort-imports: '*'
      prettier-plugin-style-order: '*'
      prettier-plugin-svelte: '*'
    peerDependenciesMeta:
      '@ianvs/prettier-plugin-sort-imports':
        optional: true
      '@prettier/plugin-hermes':
        optional: true
      '@prettier/plugin-oxc':
        optional: true
      '@prettier/plugin-pug':
        optional: true
      '@shopify/prettier-plugin-liquid':
        optional: true
      '@trivago/prettier-plugin-sort-imports':
        optional: true
      '@zackad/prettier-plugin-twig':
        optional: true
      prettier-plugin-astro:
        optional: true
      prettier-plugin-css-order:
        optional: true
      prettier-plugin-import-sort:
        optional: true
      prettier-plugin-jsdoc:
        optional: true
      prettier-plugin-marko:
        optional: true
      prettier-plugin-multiline-arrays:
        optional: true
      prettier-plugin-organize-attributes:
        optional: true
      prettier-plugin-organize-imports:
        optional: true
      prettier-plugin-sort-imports:
        optional: true
      prettier-plugin-style-order:
        optional: true
      prettier-plugin-svelte:
        optional: true

  prettier@3.8.1:
    resolution: {integrity: sha512-UOnG6LftzbdaHZcKoPFtOcCKztrQ57WkHDeRD9t/PTQtmT0NHSeWWepj6pS0z/N7+08BHFDQVUrfmfMRcZwbMg==}
    engines: {node: '>=14'}
    hasBin: true

  protobufjs@8.0.0:
    resolution: {integrity: sha512-jx6+sE9h/UryaCZhsJWbJtTEy47yXoGNYI4z8ZaRncM0zBKeRqjO2JEcOUYwrYGb1WLhXM1FfMzW3annvFv0rw==}
    engines: {node: '>=12.0.0'}

  turbo-darwin-64@2.8.10:
    resolution: {integrity: sha512-A03fXh+B7S8mL3PbdhTd+0UsaGrhfyPkODvzBDpKRY7bbeac4MDFpJ7I+Slf2oSkCEeSvHKR7Z4U71uKRUfX7g==}
    cpu: [x64]
    os: [darwin]

  turbo-darwin-arm64@2.8.10:
    resolution: {integrity: sha512-sidzowgWL3s5xCHLeqwC9M3s9M0i16W1nuQF3Mc7fPHpZ+YPohvcbVFBB2uoRRHYZg6yBnwD4gyUHKTeXfwtXA==}
    cpu: [arm64]
    os: [darwin]

  turbo-linux-64@2.8.10:
    resolution: {integrity: sha512-YK9vcpL3TVtqonB021XwgaQhY9hJJbKKUhLv16osxV0HkcQASQWUqR56yMge7puh6nxU67rQlTq1b7ksR1T3KA==}
    cpu: [x64]
    os: [linux]

  turbo-linux-arm64@2.8.10:
    resolution: {integrity: sha512-3+j2tL0sG95iBJTm+6J8/45JsETQABPqtFyYjVjBbi6eVGdtNTiBmHNKrbvXRlQ3ZbUG75bKLaSSDHSEEN+btQ==}
    cpu: [arm64]
    os: [linux]

  turbo-windows-64@2.8.10:
    resolution: {integrity: sha512-hdeF5qmVY/NFgiucf8FW0CWJWtyT2QPm5mIsX0W1DXAVzqKVXGq+Zf+dg4EUngAFKjDzoBeN6ec2Fhajwfztkw==}
    cpu: [x64]
    os: [win32]

  turbo-windows-arm64@2.8.10:
    resolution: {integrity: sha512-QGdr/Q8LWmj+ITMkSvfiz2glf0d7JG0oXVzGL3jxkGqiBI1zXFj20oqVY0qWi+112LO9SVrYdpHS0E/oGFrMbQ==}
    cpu: [arm64]
    os: [win32]

  turbo@2.8.10:
    resolution: {integrity: sha512-OxbzDES66+x7nnKGg2MwBA1ypVsZoDTLHpeaP4giyiHSixbsiTaMyeJqbEyvBdp5Cm28fc+8GG6RdQtic0ijwQ==}
    hasBin: true

  typescript@5.9.3:
    resolution: {integrity: sha512-jl1vZzPDinLr9eUt3J/t7V6FgNEw9QjvBPdysz9KfQDD41fQrC2Y4vKQdiaUpFT4bXlb1RHhLpp8wtm6M5TgSw==}
    engines: {node: '>=14.17'}
    hasBin: true

  undici-types@6.21.0:
    resolution: {integrity: sha512-iwDZqg0QAGrg9Rav5H4n0M64c3mkR59cJ6wQp+7C4nI0gsmExaedaYLNO44eT4AtBBwjbTiGPMlt2Md0T9H9JQ==}

  uuid@13.0.0:
    resolution: {integrity: sha512-XQegIaBTVUjSHliKqcnFqYypAd4S+WCYt5NIeRs6w/UAry7z8Y9j5ZwRRL4kzq9U3sD6v+85er9FvkEaBpji2w==}
    hasBin: true

snapshots:

  '@babel/code-frame@7.29.0':
    dependencies:
      '@babel/helper-validator-identifier': 7.28.5
      js-tokens: 4.0.0
      picocolors: 1.1.1

  '@babel/generator@7.29.1':
    dependencies:
      '@babel/parser': 7.29.0
      '@babel/types': 7.29.0
      '@jridgewell/gen-mapping': 0.3.13
      '@jridgewell/trace-mapping': 0.3.31
      jsesc: 3.1.0

  '@babel/helper-globals@7.28.0': {}

  '@babel/helper-string-parser@7.27.1': {}

  '@babel/helper-validator-identifier@7.28.5': {}

  '@babel/parser@7.29.0':
    dependencies:
      '@babel/types': 7.29.0

  '@babel/template@7.28.6':
    dependencies:
      '@babel/code-frame': 7.29.0
      '@babel/parser': 7.29.0
      '@babel/types': 7.29.0

  '@babel/traverse@7.29.0':
    dependencies:
      '@babel/code-frame': 7.29.0
      '@babel/generator': 7.29.1
      '@babel/helper-globals': 7.28.0
      '@babel/parser': 7.29.0
      '@babel/template': 7.28.6
      '@babel/types': 7.29.0
      debug: 4.4.3
    transitivePeerDependencies:
      - supports-color

  '@babel/types@7.29.0':
    dependencies:
      '@babel/helper-string-parser': 7.27.1
      '@babel/helper-validator-identifier': 7.28.5

  '@jridgewell/gen-mapping@0.3.13':
    dependencies:
      '@jridgewell/sourcemap-codec': 1.5.5
      '@jridgewell/trace-mapping': 0.3.31

  '@jridgewell/resolve-uri@3.1.2': {}

  '@jridgewell/sourcemap-codec@1.5.5': {}

  '@jridgewell/trace-mapping@0.3.31':
    dependencies:
      '@jridgewell/resolve-uri': 3.1.2
      '@jridgewell/sourcemap-codec': 1.5.5

  '@opentelemetry/api-logs@0.211.0':
    dependencies:
      '@opentelemetry/api': 1.9.0

  '@opentelemetry/api@1.9.0': {}

  '@opentelemetry/context-async-hooks@2.5.1(@opentelemetry/api@1.9.0)':
    dependencies:
      '@opentelemetry/api': 1.9.0

  '@opentelemetry/core@2.5.0(@opentelemetry/api@1.9.0)':
    dependencies:
      '@opentelemetry/api': 1.9.0
      '@opentelemetry/semantic-conventions': 1.39.0

  '@opentelemetry/core@2.5.1(@opentelemetry/api@1.9.0)':
    dependencies:
      '@opentelemetry/api': 1.9.0
      '@opentelemetry/semantic-conventions': 1.39.0

  '@opentelemetry/exporter-trace-otlp-proto@0.211.0(@opentelemetry/api@1.9.0)':
    dependencies:
      '@opentelemetry/api': 1.9.0
      '@opentelemetry/core': 2.5.0(@opentelemetry/api@1.9.0)
      '@opentelemetry/otlp-exporter-base': 0.211.0(@opentelemetry/api@1.9.0)
      '@opentelemetry/otlp-transformer': 0.211.0(@opentelemetry/api@1.9.0)
      '@opentelemetry/resources': 2.5.0(@opentelemetry/api@1.9.0)
      '@opentelemetry/sdk-trace-base': 2.5.0(@opentelemetry/api@1.9.0)

  '@opentelemetry/otlp-exporter-base@0.211.0(@opentelemetry/api@1.9.0)':
    dependencies:
      '@opentelemetry/api': 1.9.0
      '@opentelemetry/core': 2.5.0(@opentelemetry/api@1.9.0)
      '@opentelemetry/otlp-transformer': 0.211.0(@opentelemetry/api@1.9.0)

  '@opentelemetry/otlp-transformer@0.211.0(@opentelemetry/api@1.9.0)':
    dependencies:
      '@opentelemetry/api': 1.9.0
      '@opentelemetry/api-logs': 0.211.0
      '@opentelemetry/core': 2.5.0(@opentelemetry/api@1.9.0)
      '@opentelemetry/resources': 2.5.0(@opentelemetry/api@1.9.0)
      '@opentelemetry/sdk-logs': 0.211.0(@opentelemetry/api@1.9.0)
      '@opentelemetry/sdk-metrics': 2.5.0(@opentelemetry/api@1.9.0)
      '@opentelemetry/sdk-trace-base': 2.5.0(@opentelemetry/api@1.9.0)
      protobufjs: 8.0.0

  '@opentelemetry/resources@2.5.0(@opentelemetry/api@1.9.0)':
    dependencies:
      '@opentelemetry/api': 1.9.0
      '@opentelemetry/core': 2.5.0(@opentelemetry/api@1.9.0)
      '@opentelemetry/semantic-conventions': 1.39.0

  '@opentelemetry/resources@2.5.1(@opentelemetry/api@1.9.0)':
    dependencies:
      '@opentelemetry/api': 1.9.0
      '@opentelemetry/core': 2.5.1(@opentelemetry/api@1.9.0)
      '@opentelemetry/semantic-conventions': 1.39.0

  '@opentelemetry/sdk-logs@0.211.0(@opentelemetry/api@1.9.0)':
    dependencies:
      '@opentelemetry/api': 1.9.0
      '@opentelemetry/api-logs': 0.211.0
      '@opentelemetry/core': 2.5.0(@opentelemetry/api@1.9.0)
      '@opentelemetry/resources': 2.5.0(@opentelemetry/api@1.9.0)

  '@opentelemetry/sdk-metrics@2.5.0(@opentelemetry/api@1.9.0)':
    dependencies:
      '@opentelemetry/api': 1.9.0
      '@opentelemetry/core': 2.5.0(@opentelemetry/api@1.9.0)
      '@opentelemetry/resources': 2.5.0(@opentelemetry/api@1.9.0)

  '@opentelemetry/sdk-trace-base@2.5.0(@opentelemetry/api@1.9.0)':
    dependencies:
      '@opentelemetry/api': 1.9.0
      '@opentelemetry/core': 2.5.0(@opentelemetry/api@1.9.0)
      '@opentelemetry/resources': 2.5.0(@opentelemetry/api@1.9.0)
      '@opentelemetry/semantic-conventions': 1.39.0

  '@opentelemetry/sdk-trace-base@2.5.1(@opentelemetry/api@1.9.0)':
    dependencies:
      '@opentelemetry/api': 1.9.0
      '@opentelemetry/core': 2.5.1(@opentelemetry/api@1.9.0)
      '@opentelemetry/resources': 2.5.1(@opentelemetry/api@1.9.0)
      '@opentelemetry/semantic-conventions': 1.39.0

  '@opentelemetry/sdk-trace-node@2.5.1(@opentelemetry/api@1.9.0)':
    dependencies:
      '@opentelemetry/api': 1.9.0
      '@opentelemetry/context-async-hooks': 2.5.1(@opentelemetry/api@1.9.0)
      '@opentelemetry/core': 2.5.1(@opentelemetry/api@1.9.0)
      '@opentelemetry/sdk-trace-base': 2.5.1(@opentelemetry/api@1.9.0)

  '@opentelemetry/semantic-conventions@1.39.0': {}

  '@protobufjs/aspromise@1.1.2': {}

  '@protobufjs/base64@1.1.2': {}

  '@protobufjs/codegen@2.0.4': {}

  '@protobufjs/eventemitter@1.1.0': {}

  '@protobufjs/fetch@1.1.0':
    dependencies:
      '@protobufjs/aspromise': 1.1.2
      '@protobufjs/inquire': 1.1.0

  '@protobufjs/float@1.0.2': {}

  '@protobufjs/inquire@1.1.0': {}

  '@protobufjs/path@1.1.2': {}

  '@protobufjs/pool@1.1.0': {}

  '@protobufjs/utf8@1.1.0': {}

  '@trivago/prettier-plugin-sort-imports@5.2.2(prettier@3.8.1)':
    dependencies:
      '@babel/generator': 7.29.1
      '@babel/parser': 7.29.0
      '@babel/traverse': 7.29.0
      '@babel/types': 7.29.0
      javascript-natural-sort: 0.7.1
      lodash: 4.17.23
      prettier: 3.8.1
    transitivePeerDependencies:
      - supports-color

  '@types/node@22.19.11':
    dependencies:
      undici-types: 6.21.0

  debug@4.4.3:
    dependencies:
      ms: 2.1.3

  javascript-natural-sort@0.7.1: {}

  js-tokens@4.0.0: {}

  jsesc@3.1.0: {}

  lodash@4.17.23: {}

  long@5.3.2: {}

  ms@2.1.3: {}

  picocolors@1.1.1: {}

  prettier-plugin-tailwindcss@0.6.14(@trivago/prettier-plugin-sort-imports@5.2.2(prettier@3.8.1))(prettier@3.8.1):
    dependencies:
      prettier: 3.8.1
    optionalDependencies:
      '@trivago/prettier-plugin-sort-imports': 5.2.2(prettier@3.8.1)

  prettier@3.8.1: {}

  protobufjs@8.0.0:
    dependencies:
      '@protobufjs/aspromise': 1.1.2
      '@protobufjs/base64': 1.1.2
      '@protobufjs/codegen': 2.0.4
      '@protobufjs/eventemitter': 1.1.0
      '@protobufjs/fetch': 1.1.0
      '@protobufjs/float': 1.0.2
      '@protobufjs/inquire': 1.1.0
      '@protobufjs/path': 1.1.2
      '@protobufjs/pool': 1.1.0
      '@protobufjs/utf8': 1.1.0
      '@types/node': 22.19.11
      long: 5.3.2

  turbo-darwin-64@2.8.10:
    optional: true

  turbo-darwin-arm64@2.8.10:
    optional: true

  turbo-linux-64@2.8.10:
    optional: true

  turbo-linux-arm64@2.8.10:
    optional: true

  turbo-windows-64@2.8.10:
    optional: true

  turbo-windows-arm64@2.8.10:
    optional: true

  turbo@2.8.10:
    optionalDependencies:
      turbo-darwin-64: 2.8.10
      turbo-darwin-arm64: 2.8.10
      turbo-linux-64: 2.8.10
      turbo-linux-arm64: 2.8.10
      turbo-windows-64: 2.8.10
      turbo-windows-arm64: 2.8.10

  typescript@5.9.3: {}

  undici-types@6.21.0: {}

  uuid@13.0.0: {}
